
Microsoft Visual Studio Solution File, Format Version 12.00
# Visual Studio Version 16
VisualStudioVersion = 16.0.30002.166
MinimumVisualStudioVersion = 10.0.40219.1
Project("{FAE04EC0-301F-11D3-BF4B-00C04F79EFBC}") = "10.05.2020task", "10.05.2020task\10.05.2020task.csproj", "{8E9B025E-6DF6-4450-9766-BD3BBDF20CDD}"
EndProject
Global
	GlobalSection(SolutionConfigurationPlatforms) = preSolution
		Debug|Any CPU = Debug|Any CPU
		Release|Any CPU = Release|Any CPU
	EndGlobalSection
	GlobalSection(ProjectConfigurationPlatforms) = postSolution
		{8E9B025E-6DF6-4450-9766-BD3BBDF20CDD}.Debug|Any CPU.ActiveCfg = Debug|Any CPU
		{8E9B025E-6DF6-4450-9766-BD3BBDF20CDD}.Debug|Any CPU.Build.0 = Debug|Any CPU
		{8E9B025E-6DF6-4450-9766-BD3BBDF20CDD}.Release|Any CPU.ActiveCfg = Release|Any CPU
		{8E9B025E-6DF6-4450-9766-BD3BBDF20CDD}.Release|Any CPU.Build.0 = Release|Any CPU
	EndGlobalSection
	GlobalSection(SolutionProperties) = preSolution
		HideSolutionNode = FALSE
	EndGlobalSection
	GlobalSection(ExtensibilityGlobals) = postSolution
		SolutionGuid = {2577C302-F2F0-44A5-B586-567263368F7F}
	EndGlobalSection
EndGlobal
